{
  "projects": [
    {
      "projectId": "mJU3w7LiKHPBKUALsVD2dj",
      "version": "latest",
      "dependencies": {},
      "lang": "ts",
      "fileLocks": [
        {
          "type": "globalVariant",
          "assetId": "ohuKUq66y5rscr",
          "checksum": "b5abb83e1ed274031660537f150d890e"
        },
        {
          "type": "renderModule",
          "assetId": "hTwIlTuynqdQp",
          "checksum": "f002619d693b4a2846be12e377626696"
        },
        {
          "type": "cssRules",
          "assetId": "hTwIlTuynqdQp",
          "checksum": "f002619d693b4a2846be12e377626696"
        },
        {
          "type": "renderModule",
          "assetId": "kodhyUpj2vfND",
          "checksum": "a9506e7ffa21cadbbb696459d7282149"
        },
        {
          "type": "cssRules",
          "assetId": "kodhyUpj2vfND",
          "checksum": "a9506e7ffa21cadbbb696459d7282149"
        },
        {
          "type": "renderModule",
          "assetId": "eiUEUByxhG4rD",
          "checksum": "fa4006b1a9091cb5f9d0aac2059029f8"
        },
        {
          "type": "cssRules",
          "assetId": "eiUEUByxhG4rD",
          "checksum": "fa4006b1a9091cb5f9d0aac2059029f8"
        },
        {
          "type": "renderModule",
          "assetId": "J57A6jCLGpdNw",
          "checksum": "9b7b0ec7bab2fb4c852f41ac3db9ca74"
        },
        {
          "type": "cssRules",
          "assetId": "J57A6jCLGpdNw",
          "checksum": "9b7b0ec7bab2fb4c852f41ac3db9ca74"
        },
        {
          "type": "renderModule",
          "assetId": "vxnSGiRcBqvaI",
          "checksum": "86576567a74c4928126af1a53bd5f965"
        },
        {
          "type": "cssRules",
          "assetId": "vxnSGiRcBqvaI",
          "checksum": "86576567a74c4928126af1a53bd5f965"
        },
        {
          "type": "renderModule",
          "assetId": "ouQsDoISBjQ4g",
          "checksum": "3e9ca4481a6ff409cf3b5c0791a8b766"
        },
        {
          "type": "cssRules",
          "assetId": "ouQsDoISBjQ4g",
          "checksum": "3e9ca4481a6ff409cf3b5c0791a8b766"
        },
        {
          "type": "renderModule",
          "assetId": "2_-2Pb2z0Dz8AC",
          "checksum": "baf20eedb04bd21456014fbdbe8323da"
        },
        {
          "type": "cssRules",
          "assetId": "2_-2Pb2z0Dz8AC",
          "checksum": "baf20eedb04bd21456014fbdbe8323da"
        },
        {
          "type": "renderModule",
          "assetId": "ek7Sa1QCHjTP_l",
          "checksum": "8361088397c4678d640e42b56845fb56"
        },
        {
          "type": "cssRules",
          "assetId": "ek7Sa1QCHjTP_l",
          "checksum": "8361088397c4678d640e42b56845fb56"
        },
        {
          "type": "renderModule",
          "assetId": "zSm-JUN5OUqScE",
          "checksum": "1f2ecd17ef33754e8fbb487f2bdda062"
        },
        {
          "type": "cssRules",
          "assetId": "zSm-JUN5OUqScE",
          "checksum": "1f2ecd17ef33754e8fbb487f2bdda062"
        },
        {
          "type": "renderModule",
          "assetId": "856NuP2C2v6FDF",
          "checksum": "e070ed8090fb32ffde1468c1361676ea"
        },
        {
          "type": "cssRules",
          "assetId": "856NuP2C2v6FDF",
          "checksum": "e070ed8090fb32ffde1468c1361676ea"
        },
        {
          "type": "renderModule",
          "assetId": "P_gi-6Q3M_FifT",
          "checksum": "62a18b7526d29d4383c66c8e5690b7c2"
        },
        {
          "type": "cssRules",
          "assetId": "P_gi-6Q3M_FifT",
          "checksum": "62a18b7526d29d4383c66c8e5690b7c2"
        },
        {
          "type": "renderModule",
          "assetId": "ClkWjwrU0-vYn8",
          "checksum": "1002dd101a4f084837a21bf092a93346"
        },
        {
          "type": "cssRules",
          "assetId": "ClkWjwrU0-vYn8",
          "checksum": "1002dd101a4f084837a21bf092a93346"
        },
        {
          "type": "renderModule",
          "assetId": "ayAaR3NYyZ-kRT",
          "checksum": "9041a521cbfa7b2b730e015eef72da40"
        },
        {
          "type": "cssRules",
          "assetId": "ayAaR3NYyZ-kRT",
          "checksum": "9041a521cbfa7b2b730e015eef72da40"
        },
        {
          "type": "renderModule",
          "assetId": "ptkmiNbGzpy1yv",
          "checksum": "7a8203fc8f0c871db00f1f8d5fe71853"
        },
        {
          "type": "cssRules",
          "assetId": "ptkmiNbGzpy1yv",
          "checksum": "7a8203fc8f0c871db00f1f8d5fe71853"
        },
        {
          "type": "renderModule",
          "assetId": "gib5IgK6rWAYJZ",
          "checksum": "9d7928ce380a7839498a78d492fceda8"
        },
        {
          "type": "cssRules",
          "assetId": "gib5IgK6rWAYJZ",
          "checksum": "9d7928ce380a7839498a78d492fceda8"
        },
        {
          "type": "renderModule",
          "assetId": "GPII4fC9bhF",
          "checksum": "ea7a6d0bb2605f155e424b79d8772997"
        },
        {
          "type": "cssRules",
          "assetId": "GPII4fC9bhF",
          "checksum": "ea7a6d0bb2605f155e424b79d8772997"
        },
        {
          "type": "icon",
          "assetId": "ZNnQiOQA-EMqaf",
          "checksum": "df21a77dfd741dca3ce526ebc7b10ea8"
        },
        {
          "type": "icon",
          "assetId": "CzXEhqLtaA5P__",
          "checksum": "773008df69bd19bff2f7028529f226ef"
        },
        {
          "type": "icon",
          "assetId": "68acRc5zAJNd4_",
          "checksum": "2781af43c9bc4b4827a9f5b96637481c"
        },
        {
          "type": "icon",
          "assetId": "ujVjvHs027m15K",
          "checksum": "c4f4b4ebb264488a613908cddbdc3b31"
        },
        {
          "type": "icon",
          "assetId": "ltZwmlp6-hQBYM",
          "checksum": "e28969db0ee24998ee73b4fe9abf91f7"
        },
        {
          "type": "icon",
          "assetId": "KXR4GuP4o6y6tG",
          "checksum": "ffd2f62e6671a1ae0d1ba8746374f26e"
        },
        {
          "type": "icon",
          "assetId": "xTl1q2WjETbC-g",
          "checksum": "2260a10221c88142ac5f813945ffc9ec"
        },
        {
          "type": "icon",
          "assetId": "B3viFwcDwwy5ZZ",
          "checksum": "b55c5cb7540692d7ea535b7760d35d0a"
        },
        {
          "type": "icon",
          "assetId": "_G08W1CDnp4xhK",
          "checksum": "723bd39d96a206e1ffb5d5fa39edf22b"
        },
        {
          "type": "icon",
          "assetId": "gi4NB_N0BJDEwy",
          "checksum": "d63813f2ed72e532cca1704fae6e1baf"
        },
        {
          "type": "icon",
          "assetId": "2-H_z_KvG17Ece",
          "checksum": "de1dc0e16f23debf2d6f24f741cf9b3e"
        },
        {
          "type": "icon",
          "assetId": "fWPYZaM-mj8JHU",
          "checksum": "2323076ae05ee68481a6ca6325efcdc0"
        },
        {
          "type": "icon",
          "assetId": "Ap601f2wXMr97n",
          "checksum": "699aa1321cf750124d8a4dc27bd63219"
        },
        {
          "type": "icon",
          "assetId": "I7qqoYuK1J8WF_",
          "checksum": "851e2cdc2e00d4a0f531424caaf1ed38"
        },
        {
          "type": "icon",
          "assetId": "0_rFUzPiFhHxDK",
          "checksum": "d22ff7e01a6dc41ff298b476070943e9"
        },
        {
          "type": "icon",
          "assetId": "Cewv2Dk6uirjD-",
          "checksum": "65487c249a1210dfe6b12e8edd4f75fc"
        },
        {
          "type": "icon",
          "assetId": "e_IPgIyOvB",
          "checksum": "904c46917af4cb48549119abd3a1f16a"
        },
        {
          "type": "image",
          "assetId": "O3bYPhPCU3_hci",
          "checksum": "3c8a36f37c3f4f610b0522dc79cee813"
        },
        {
          "type": "image",
          "assetId": "zVxztqP1lRBWYQ",
          "checksum": "63e19ccfdd5926790a7a2dbb5b5b4bb7"
        },
        {
          "type": "image",
          "assetId": "m48ue1C1glQ4mM",
          "checksum": "db8b7823e039d05019e3bd7c7b701abb"
        },
        {
          "type": "image",
          "assetId": "UmoG4WFMsBCXhF",
          "checksum": "3b704ba3667d1fc5b5fb6b18db17d5c8"
        },
        {
          "type": "image",
          "assetId": "1iIgFCPtz-JyO-",
          "checksum": "f4441c0ee18e5baca45b83e864217ba3"
        },
        {
          "type": "image",
          "assetId": "3ZdZvO7bLY1MiE",
          "checksum": "ba9d81908fdadea8356e6cf91b680891"
        },
        {
          "type": "image",
          "assetId": "ia_-XLnuWjkaeT",
          "checksum": "b2b38df5d5d98ecd83e8582434964d41"
        },
        {
          "type": "image",
          "assetId": "vbdqJXxx8HXtcD",
          "checksum": "717a4c86b567846836cac1ccf4900058"
        },
        {
          "type": "image",
          "assetId": "NnRUEu9KoQF84G",
          "checksum": "e48129406318f82fb7f143474eb0cdb7"
        },
        {
          "type": "image",
          "assetId": "DDE3MDxIwijG3i",
          "checksum": "9e4f9b2b1599f0e7e0f8e7b9b80a4992"
        },
        {
          "type": "image",
          "assetId": "AkNp_NRxvnv6VW",
          "checksum": "e177444b68d09a5e16a812dfb5bf71c2"
        },
        {
          "type": "image",
          "assetId": "yiO91b71CqFsr0",
          "checksum": "4686e54414af9ec0e1b4f1631cdb05ce"
        },
        {
          "type": "image",
          "assetId": "H8hQWMwCzhAEL4",
          "checksum": "83a26f00e2bfadf3abc58607515b2ed4"
        },
        {
          "type": "image",
          "assetId": "w9Ozgf1doYdC1J",
          "checksum": "e44474746171f5e8786b610c0fb6de10"
        },
        {
          "type": "image",
          "assetId": "kv3uDr1w1FoRhB",
          "checksum": "06f4f25d9849a4cb00375e652da59180"
        },
        {
          "type": "image",
          "assetId": "kkXWFQHGmcONhE",
          "checksum": "0aeca91ae4d6d16c69e979b86defcde7"
        },
        {
          "type": "image",
          "assetId": "BZzJJJykvT7EhE",
          "checksum": "229f79395dae80c3cac0aea1c06a2038"
        },
        {
          "type": "image",
          "assetId": "HtOOf8zUjwujH2",
          "checksum": "e3944d667f338d52ac83dbe48754b2e9"
        },
        {
          "type": "image",
          "assetId": "wN9nQGFhBN6bqo",
          "checksum": "674e724b82cf6adfe65f3f69eb5c971e"
        },
        {
          "type": "image",
          "assetId": "5VQGTB9w-WX3Az",
          "checksum": "4db41d484d5915e2155bbeb21caa1707"
        },
        {
          "type": "image",
          "assetId": "ZcyNaQWUhIlViZ",
          "checksum": "982fcf781b08f4afcf670ac984695561"
        },
        {
          "type": "image",
          "assetId": "Cktxdl8YrLGu8R",
          "checksum": "8cdb847a3ac7c2f53af4a432b3f2e640"
        },
        {
          "type": "image",
          "assetId": "Yx0Oc1wM6wvFX6",
          "checksum": "da711433b0dd2a95827a0422b93d4274"
        },
        {
          "type": "image",
          "assetId": "Aap9kNeefQ7ItM",
          "checksum": "56ea83edfadb9f2a3352355ecce103c8"
        },
        {
          "type": "image",
          "assetId": "VcW9ybunxH5GmD",
          "checksum": "cc6d34f3b861f835c314c037e93829e0"
        },
        {
          "type": "image",
          "assetId": "q1CZp309-WZ3Hh",
          "checksum": "70d01cf91ce8c2768b2b419da0f5283c"
        },
        {
          "type": "image",
          "assetId": "ZFUO7KdU3wPLrZ",
          "checksum": "6a32078148203bf067432c1b7c82d311"
        },
        {
          "type": "image",
          "assetId": "0dcLufKOxPM9EP",
          "checksum": "ca5f5a128dcae130a39b0c47bc012153"
        },
        {
          "type": "image",
          "assetId": "go1QPfVIticoGd",
          "checksum": "26d5024bd5d0bc08a1d3f50ed1674301"
        },
        {
          "type": "image",
          "assetId": "c5M3qV0Y9OIWaD",
          "checksum": "0548fdbb3edf4955c53024a81a690db2"
        },
        {
          "type": "image",
          "assetId": "hAElYCpZ52znDk",
          "checksum": "324ae3444ff42fd6cba44acdcd6c9f07"
        },
        {
          "type": "image",
          "assetId": "dm5zJhyiwbF1jf",
          "checksum": "c471e2ce5a10ef3ff29c83510db07bb5"
        },
        {
          "type": "image",
          "assetId": "pwjQSwlZgUleM9",
          "checksum": "19abac2f852140bbf4a78bf63bbfed98"
        },
        {
          "type": "image",
          "assetId": "ROydUBV-jQ2tze",
          "checksum": "f2223009695c00d5141ca967220896e8"
        },
        {
          "type": "image",
          "assetId": "ZFfNr084iwTHFU",
          "checksum": "dbf5e8c182e9e3f4e140bd0c6a5e32cc"
        },
        {
          "type": "image",
          "assetId": "V4AnPzMAk0fyD5",
          "checksum": "4d02aea6d2a7592df1f725acce01f2f7"
        },
        {
          "type": "image",
          "assetId": "LTmAQFaWQrcXn2",
          "checksum": "692c5a704641966296322e8ddbaada8b"
        },
        {
          "type": "image",
          "assetId": "-oo39vJ147T2xq",
          "checksum": "d244386939db846913bd1b5ddf8750e0"
        },
        {
          "type": "image",
          "assetId": "VsIm5BwFKL2-2G",
          "checksum": "5f7eca6f07c91804b0908365568d9bf8"
        },
        {
          "type": "image",
          "assetId": "RJVea8rw-eY44o",
          "checksum": "7063b11f3e1e6fe52035b88d76cc6ea1"
        },
        {
          "type": "image",
          "assetId": "YnQlsuPMregkNf",
          "checksum": "1ccc23164605c8eda8ea9f3bb16d86c8"
        },
        {
          "type": "image",
          "assetId": "bakIMYJHveQ4d1",
          "checksum": "ad1df05c315e24979d5f74a9752f43d0"
        },
        {
          "type": "image",
          "assetId": "WwGd1MYNrm2i9P",
          "checksum": "4a3505ebbc9aa884d3158173a99b2cec"
        },
        {
          "type": "image",
          "assetId": "S1kTHy7Ys7Xj7X",
          "checksum": "40db49708330363f2594d264804b0dc4"
        },
        {
          "type": "image",
          "assetId": "SGAQrZz9vlbpaB",
          "checksum": "f534e16dd095cebc96da0c51aa706b0f"
        },
        {
          "type": "image",
          "assetId": "4nfLMIac1nLVIA",
          "checksum": "8fe726ff367bec7d37f12041b6622d67"
        },
        {
          "type": "image",
          "assetId": "6MpJWpmHYETf4A",
          "checksum": "20e058a9ae384f96bc9a308297080f06"
        },
        {
          "type": "image",
          "assetId": "qXNBx2NDWlIVf-",
          "checksum": "f8fdf5195321341e3b6959c546cf3d09"
        },
        {
          "type": "image",
          "assetId": "q2rPcv7vkSwUJG",
          "checksum": "9e9d67a222fa6f82a5b104fedf902ce8"
        },
        {
          "type": "image",
          "assetId": "eQime8jLuRNNxZ",
          "checksum": "787841af3d07f71b5f1eb3ccd66e125c"
        },
        {
          "type": "image",
          "assetId": "CnltMlxTWB4HKp",
          "checksum": "26ca7139987eb06b8420c3e2795ee030"
        },
        {
          "type": "image",
          "assetId": "0lZZsfF-qEyKWP",
          "checksum": "10a5020991fc25eb07913c7454b13dda"
        },
        {
          "type": "image",
          "assetId": "21Jn-ayzrIg7y8",
          "checksum": "a7b569d18766823ad5aa897ce37927be"
        },
        {
          "type": "image",
          "assetId": "EY5aoDna6lVK7Z",
          "checksum": "506d0021f8177f67b2d77af55c744b21"
        },
        {
          "type": "image",
          "assetId": "nB26uqFxj9hARf",
          "checksum": "c187463eafea49eff33dac137f88286d"
        },
        {
          "type": "image",
          "assetId": "58k7YtK458DENm",
          "checksum": "9f52e57b6fb02731d2479b22c1e021f5"
        },
        {
          "type": "image",
          "assetId": "iD_TYTpmHnKMWI",
          "checksum": "3f93a95466e6ae5ae01df7b313187b0a"
        },
        {
          "type": "image",
          "assetId": "dc3adTKT8Irh5F",
          "checksum": "b1289fa2c57806fd9c489f81084ff621"
        },
        {
          "type": "image",
          "assetId": "uZsO2nJ6q44k9A",
          "checksum": "c436caf10a441d340cd262b7e59c3ada"
        },
        {
          "type": "image",
          "assetId": "GiTCv3U_v_b0uI",
          "checksum": "a623ba6feffa8b6277bec1e100b10228"
        },
        {
          "type": "image",
          "assetId": "hnGq9hXqIPnzTc",
          "checksum": "bcb76db0582dc0b3d0d7d2550251918d"
        },
        {
          "type": "image",
          "assetId": "tvh-iUtm_bowVB",
          "checksum": "2c0e562dd4dc5f047748ac1dad5bc4e1"
        },
        {
          "type": "image",
          "assetId": "7cXd0RVyBb5gQn",
          "checksum": "1d4d60629a96732d53a971f33571ab3e"
        },
        {
          "type": "image",
          "assetId": "3IGy1W8R7hyEfv",
          "checksum": "8730706f3d60a3d7f99925baeadb89cb"
        },
        {
          "type": "image",
          "assetId": "WpEJcq1r5GO8IW",
          "checksum": "99d277c35f55b67f56a0a95fb29f3b37"
        },
        {
          "type": "image",
          "assetId": "svVy0gyOho6-7z",
          "checksum": "94ccb9802acafc6ac6ae1c25342db5bf"
        },
        {
          "type": "image",
          "assetId": "FfaTS66_93mC6N",
          "checksum": "102a6cbed7a5a9780799dfee3e7da1b6"
        },
        {
          "type": "image",
          "assetId": "QcLGy8bm5Oelje",
          "checksum": "b01d7628668422548b1434f6463884bb"
        },
        {
          "type": "image",
          "assetId": "NNcNq2FJG3KSB3",
          "checksum": "a85b656d9f84e1f1e7860ebea8218c6d"
        },
        {
          "type": "image",
          "assetId": "ekiYA2oYL56bj1",
          "checksum": "def1ee127835771273005a6842649d43"
        },
        {
          "type": "image",
          "assetId": "QhXNQHY_i8XJAY",
          "checksum": "9e29baed8ca69aef2371e325c635abdd"
        },
        {
          "type": "image",
          "assetId": "blG86q-eJ4p3la",
          "checksum": "dee4221fe455383a63ffe9b2be8bfdfe"
        },
        {
          "type": "image",
          "assetId": "nxdoHb3lPGtPb0",
          "checksum": "dd93672466c299d5f68de112ea9de442"
        },
        {
          "type": "image",
          "assetId": "oll3rPWcxe4MGK",
          "checksum": "82be1012e664e7da22aff77bfaba0964"
        },
        {
          "type": "image",
          "assetId": "w3DCVcqSb",
          "checksum": "afd05ef1a6cd811fd43cca769dac7027"
        },
        {
          "type": "image",
          "assetId": "msjbX0LID",
          "checksum": "ee03d4d9b446001b56a03ab18dad881f"
        },
        {
          "type": "image",
          "assetId": "B8eGhDxS3",
          "checksum": "b312333c005ed514d1b12e58f0ccb203"
        },
        {
          "type": "image",
          "assetId": "tBkGcr5n5",
          "checksum": "60797900d5910c05c2696244205320f7"
        },
        {
          "type": "image",
          "assetId": "eXx5_U52K",
          "checksum": "d75f191384aecd495898fff975092198"
        },
        {
          "type": "image",
          "assetId": "wg-0Cuos4",
          "checksum": "58aa7b07e942c31348b9ed6430b49d86"
        },
        {
          "type": "image",
          "assetId": "AyTF8HZcC",
          "checksum": "051bd0e78295fe48d4c949c850dac1a6"
        },
        {
          "type": "image",
          "assetId": "p3mibJD21",
          "checksum": "13c78a812c3b34a6514bbbdd1c21e938"
        },
        {
          "type": "image",
          "assetId": "G7dT6k_WI",
          "checksum": "355182312b9f7c9a8dcf1a64bc66e077"
        },
        {
          "type": "image",
          "assetId": "JcZBwpf-w",
          "checksum": "f6240e3bb867f0c60b68d9078124af18"
        },
        {
          "type": "image",
          "assetId": "VsHyXJYTx",
          "checksum": "acba842b2c7b3b4bc3155721fab93001"
        },
        {
          "type": "image",
          "assetId": "1InjHk6fg",
          "checksum": "dbe6c3b8a05c078691c89315ffcb14cf"
        },
        {
          "type": "image",
          "assetId": "cdtHLn-_o",
          "checksum": "ec9bfae2991c1c649f1990d7e5481e6f"
        },
        {
          "type": "image",
          "assetId": "rrIkoC6Be",
          "checksum": "cb06a5ff51cd213c54cd2a7eeedddd13"
        },
        {
          "type": "image",
          "assetId": "G5n-LaUdh",
          "checksum": "13cf7b50618d51fece048713d29c494c"
        },
        {
          "type": "image",
          "assetId": "bWRSQ2hq9",
          "checksum": "35c04494a07c342acf8bf4b4a713ee78"
        },
        {
          "type": "image",
          "assetId": "OAOpHBrFE",
          "checksum": "8141c95d4fc0f0d78b294cbf838d8ad4"
        },
        {
          "type": "image",
          "assetId": "5Nu82v8sN",
          "checksum": "7d1faacf285877adb9fe72bc311a4355"
        },
        {
          "type": "image",
          "assetId": "AHQGdfOe-",
          "checksum": "6ee7949dbf6d4ed2eaae4a67a62d52b7"
        },
        {
          "type": "image",
          "assetId": "toPR_DXCMH",
          "checksum": "4831d4dd9fa93205e911a8667015aa6c"
        },
        {
          "assetId": "mJU3w7LiKHPBKUALsVD2dj",
          "type": "projectCss",
          "checksum": "c8b106878a2a42d5c4646f1628adb443"
        }
      ],
      "codegenVersion": "0.0.1"
    }
  ],
  "cliVersion": "0.1.175"
}
